<Solution>
  <Folder Name="/solution-items/">
    <File Path=".editorconfig" />
    <File Path=".gitignore" />
  </Folder>
  <Folder Name="/src/" />
  <Folder Name="/src/Common/">
    <Project Path="src/VerenaVision.Common/VerenaVision.Common.csproj" Id="ecfa81e5-0453-4dc5-b622-2ec1e451ba72" />
  </Folder>
  <Folder Name="/src/Core/">
    <Project Path="src/VerenaVision.Application/VerenaVision.Application.csproj" Id="165c6f90-f0fe-4482-92b4-5919030c4744" />
    <Project Path="src/VerenaVision.Domain/VerenaVision.Domain.csproj" />
    <Project Path="src/VerenaVision.Shared/VerenaVision.Shared.csproj" />
  </Folder>
  <Folder Name="/src/Infrastructure/" />
</Solution>
